
Microsoft Visual Studio Solution File, Format Version 11.00
# Visual Studio 2010
Project("{FAE04EC0-301F-11D3-BF4B-00C04F79EFBC}") = "Emerging Technologies", "Assembly-CSharp.csproj", "{1DE5F3D9-F3DA-C1C2-9F4F-3C6E4F6D5785}"
EndProject
Project("{FAE04EC0-301F-11D3-BF4B-00C04F79EFBC}") = "Emerging Technologies", "Assembly-CSharp-Editor.csproj", "{F215EAF6-521C-051B-A4E0-8153B99914AB}"
EndProject
Global
	GlobalSection(SolutionConfigurationPlatforms) = preSolution
		Debug|Any CPU = Debug|Any CPU
		Release|Any CPU = Release|Any CPU
	EndGlobalSection
	GlobalSection(ProjectConfigurationPlatforms) = postSolution
		{1DE5F3D9-F3DA-C1C2-9F4F-3C6E4F6D5785}.Debug|Any CPU.ActiveCfg = Debug|Any CPU
		{1DE5F3D9-F3DA-C1C2-9F4F-3C6E4F6D5785}.Debug|Any CPU.Build.0 = Debug|Any CPU
		{1DE5F3D9-F3DA-C1C2-9F4F-3C6E4F6D5785}.Release|Any CPU.ActiveCfg = Release|Any CPU
		{1DE5F3D9-F3DA-C1C2-9F4F-3C6E4F6D5785}.Release|Any CPU.Build.0 = Release|Any CPU
		{F215EAF6-521C-051B-A4E0-8153B99914AB}.Debug|Any CPU.ActiveCfg = Debug|Any CPU
		{F215EAF6-521C-051B-A4E0-8153B99914AB}.Debug|Any CPU.Build.0 = Debug|Any CPU
		{F215EAF6-521C-051B-A4E0-8153B99914AB}.Release|Any CPU.ActiveCfg = Release|Any CPU
		{F215EAF6-521C-051B-A4E0-8153B99914AB}.Release|Any CPU.Build.0 = Release|Any CPU
	EndGlobalSection
	GlobalSection(SolutionProperties) = preSolution
		HideSolutionNode = FALSE
	EndGlobalSection
	GlobalSection(MonoDevelopProperties) = preSolution
		StartupItem = Assembly-CSharp.csproj
	EndGlobalSection
EndGlobal
